
Microsoft Visual Studio Solution File, Format Version 12.00
Project("{FAE04EC0-301F-11D3-BF4B-00C04F79EFBC}") = "Assignment11", "Assignment11\Assignment11.csproj", "{B765B11F-60D3-4DCB-BB7D-35053B31E44B}"
EndProject
Global
	GlobalSection(SolutionConfigurationPlatforms) = preSolution
		Debug|Any CPU = Debug|Any CPU
		Release|Any CPU = Release|Any CPU
	EndGlobalSection
	GlobalSection(ProjectConfigurationPlatforms) = postSolution
		{B765B11F-60D3-4DCB-BB7D-35053B31E44B}.Debug|Any CPU.ActiveCfg = Debug|Any CPU
		{B765B11F-60D3-4DCB-BB7D-35053B31E44B}.Debug|Any CPU.Build.0 = Debug|Any CPU
		{B765B11F-60D3-4DCB-BB7D-35053B31E44B}.Release|Any CPU.ActiveCfg = Release|Any CPU
		{B765B11F-60D3-4DCB-BB7D-35053B31E44B}.Release|Any CPU.Build.0 = Release|Any CPU
	EndGlobalSection
EndGlobal
