
Microsoft Visual Studio Solution File, Format Version 12.00
Project("{FAE04EC0-301F-11D3-BF4B-00C04F79EFBC}") = "TasksExample3", "TasksExample3.csproj", "{42EADCBE-2661-4E7F-8C13-8700D321F3AC}"
EndProject
Global
	GlobalSection(SolutionConfigurationPlatforms) = preSolution
		Debug|Any CPU = Debug|Any CPU
		Release|Any CPU = Release|Any CPU
	EndGlobalSection
	GlobalSection(ProjectConfigurationPlatforms) = postSolution
		{42EADCBE-2661-4E7F-8C13-8700D321F3AC}.Debug|Any CPU.ActiveCfg = Debug|Any CPU
		{42EADCBE-2661-4E7F-8C13-8700D321F3AC}.Debug|Any CPU.Build.0 = Debug|Any CPU
		{42EADCBE-2661-4E7F-8C13-8700D321F3AC}.Release|Any CPU.ActiveCfg = Release|Any CPU
		{42EADCBE-2661-4E7F-8C13-8700D321F3AC}.Release|Any CPU.Build.0 = Release|Any CPU
	EndGlobalSection
EndGlobal
