
Microsoft Visual Studio Solution File, Format Version 12.00
Project("{FAE04EC0-301F-11D3-BF4B-00C04F79EFBC}") = "ThreadExample3", "ThreadExample3.csproj", "{B67A7B09-6F13-4595-BE8E-61CCF708B97E}"
EndProject
Global
	GlobalSection(SolutionConfigurationPlatforms) = preSolution
		Debug|Any CPU = Debug|Any CPU
		Release|Any CPU = Release|Any CPU
	EndGlobalSection
	GlobalSection(ProjectConfigurationPlatforms) = postSolution
		{B67A7B09-6F13-4595-BE8E-61CCF708B97E}.Debug|Any CPU.ActiveCfg = Debug|Any CPU
		{B67A7B09-6F13-4595-BE8E-61CCF708B97E}.Debug|Any CPU.Build.0 = Debug|Any CPU
		{B67A7B09-6F13-4595-BE8E-61CCF708B97E}.Release|Any CPU.ActiveCfg = Release|Any CPU
		{B67A7B09-6F13-4595-BE8E-61CCF708B97E}.Release|Any CPU.Build.0 = Release|Any CPU
	EndGlobalSection
EndGlobal
