
Microsoft Visual Studio Solution File, Format Version 12.00
Project("{FAE04EC0-301F-11D3-BF4B-00C04F79EFBC}") = "ThreadExample4", "ThreadExample4.csproj", "{D2D969D8-CF55-4262-9B7E-084F5253A1E8}"
EndProject
Global
	GlobalSection(SolutionConfigurationPlatforms) = preSolution
		Debug|Any CPU = Debug|Any CPU
		Release|Any CPU = Release|Any CPU
	EndGlobalSection
	GlobalSection(ProjectConfigurationPlatforms) = postSolution
		{D2D969D8-CF55-4262-9B7E-084F5253A1E8}.Debug|Any CPU.ActiveCfg = Debug|Any CPU
		{D2D969D8-CF55-4262-9B7E-084F5253A1E8}.Debug|Any CPU.Build.0 = Debug|Any CPU
		{D2D969D8-CF55-4262-9B7E-084F5253A1E8}.Release|Any CPU.ActiveCfg = Release|Any CPU
		{D2D969D8-CF55-4262-9B7E-084F5253A1E8}.Release|Any CPU.Build.0 = Release|Any CPU
	EndGlobalSection
EndGlobal
