
Microsoft Visual Studio Solution File, Format Version 12.00
Project("{FAE04EC0-301F-11D3-BF4B-00C04F79EFBC}") = "ConcurrentDictionaryExample", "ConcurrentDictionaryExample.csproj", "{F91CD75F-BF2B-459B-A073-A8A46601C5CE}"
EndProject
Global
	GlobalSection(SolutionConfigurationPlatforms) = preSolution
		Debug|Any CPU = Debug|Any CPU
		Release|Any CPU = Release|Any CPU
	EndGlobalSection
	GlobalSection(ProjectConfigurationPlatforms) = postSolution
		{F91CD75F-BF2B-459B-A073-A8A46601C5CE}.Debug|Any CPU.ActiveCfg = Debug|Any CPU
		{F91CD75F-BF2B-459B-A073-A8A46601C5CE}.Debug|Any CPU.Build.0 = Debug|Any CPU
		{F91CD75F-BF2B-459B-A073-A8A46601C5CE}.Release|Any CPU.ActiveCfg = Release|Any CPU
		{F91CD75F-BF2B-459B-A073-A8A46601C5CE}.Release|Any CPU.Build.0 = Release|Any CPU
	EndGlobalSection
EndGlobal
